
Microsoft Visual Studio Solution File, Format Version 12.00
# Visual Studio Version 16
VisualStudioVersion = 16.0.31624.102
MinimumVisualStudioVersion = 10.0.40219.1
Project("{FAE04EC0-301F-11D3-BF4B-00C04F79EFBC}") = "Wrapper", "EthernetIp\Wrapper.csproj", "{C9E8E621-B621-4CFF-AAD7-C3DBBDE91BE2}"
EndProject
Project("{FAE04EC0-301F-11D3-BF4B-00C04F79EFBC}") = "EEIP", "EEIP.NET\EEIP.csproj", "{C7A980DD-A57F-4FC7-A555-10EDC85C749D}"
EndProject
Project("{FAE04EC0-301F-11D3-BF4B-00C04F79EFBC}") = "ConsoleApp1", "ConsoleApp1\ConsoleApp1.csproj", "{7AE936B5-B0D0-4B83-B8A9-EFCAFF566910}"
EndProject
Project("{FAE04EC0-301F-11D3-BF4B-00C04F79EFBC}") = "Profiles", "Profiles\Profiles.csproj", "{8939E418-CD77-41DA-8450-68EB3DF36D30}"
EndProject
Global
	GlobalSection(SolutionConfigurationPlatforms) = preSolution
		Debug|Any CPU = Debug|Any CPU
		Release|Any CPU = Release|Any CPU
	EndGlobalSection
	GlobalSection(ProjectConfigurationPlatforms) = postSolution
		{C9E8E621-B621-4CFF-AAD7-C3DBBDE91BE2}.Debug|Any CPU.ActiveCfg = Debug|Any CPU
		{C9E8E621-B621-4CFF-AAD7-C3DBBDE91BE2}.Debug|Any CPU.Build.0 = Debug|Any CPU
		{C9E8E621-B621-4CFF-AAD7-C3DBBDE91BE2}.Release|Any CPU.ActiveCfg = Release|Any CPU
		{C9E8E621-B621-4CFF-AAD7-C3DBBDE91BE2}.Release|Any CPU.Build.0 = Release|Any CPU
		{C7A980DD-A57F-4FC7-A555-10EDC85C749D}.Debug|Any CPU.ActiveCfg = Debug|Any CPU
		{C7A980DD-A57F-4FC7-A555-10EDC85C749D}.Debug|Any CPU.Build.0 = Debug|Any CPU
		{C7A980DD-A57F-4FC7-A555-10EDC85C749D}.Release|Any CPU.ActiveCfg = Release|Any CPU
		{C7A980DD-A57F-4FC7-A555-10EDC85C749D}.Release|Any CPU.Build.0 = Release|Any CPU
		{7AE936B5-B0D0-4B83-B8A9-EFCAFF566910}.Debug|Any CPU.ActiveCfg = Debug|Any CPU
		{7AE936B5-B0D0-4B83-B8A9-EFCAFF566910}.Debug|Any CPU.Build.0 = Debug|Any CPU
		{7AE936B5-B0D0-4B83-B8A9-EFCAFF566910}.Release|Any CPU.ActiveCfg = Release|Any CPU
		{7AE936B5-B0D0-4B83-B8A9-EFCAFF566910}.Release|Any CPU.Build.0 = Release|Any CPU
		{8939E418-CD77-41DA-8450-68EB3DF36D30}.Debug|Any CPU.ActiveCfg = Debug|Any CPU
		{8939E418-CD77-41DA-8450-68EB3DF36D30}.Debug|Any CPU.Build.0 = Debug|Any CPU
		{8939E418-CD77-41DA-8450-68EB3DF36D30}.Release|Any CPU.ActiveCfg = Release|Any CPU
		{8939E418-CD77-41DA-8450-68EB3DF36D30}.Release|Any CPU.Build.0 = Release|Any CPU
	EndGlobalSection
	GlobalSection(SolutionProperties) = preSolution
		HideSolutionNode = FALSE
	EndGlobalSection
	GlobalSection(ExtensibilityGlobals) = postSolution
		SolutionGuid = {83BFBC90-0444-4842-A4F3-5452A136352C}
	EndGlobalSection
EndGlobal
